// !$*UTF8*$!
{
	archiveVersion = 1;
	classes = {
	};
	objectVersion = 42;
	objects = {

/* Begin PBXBuildFile section */
		09A3BCFF1AABD39000F17419 /* libchuck.a in Frameworks */ = {isa = PBXBuildFile; fileRef = 09A3BCFA1AABD38100F17419 /* libchuck.a */; };
		09A3BD051AABD9E900F17419 /* AudioToolbox.framework in Frameworks */ = {isa = PBXBuildFile; fileRef = 09A3BD021AABD9E900F17419 /* AudioToolbox.framework */; };
		09A3BD061AABD9E900F17419 /* AudioUnit.framework in Frameworks */ = {isa = PBXBuildFile; fileRef = 09A3BD031AABD9E900F17419 /* AudioUnit.framework */; };
		09A3BD071AABD9E900F17419 /* CoreAudio.framework in Frameworks */ = {isa = PBXBuildFile; fileRef = 09A3BD041AABD9E900F17419 /* CoreAudio.framework */; };
		09A3BD091AABD9F800F17419 /* IOKit.framework in Frameworks */ = {isa = PBXBuildFile; fileRef = 09A3BD081AABD9F800F17419 /* IOKit.framework */; };
		09A3BD0B1AABDA0000F17419 /* CoreMIDI.framework in Frameworks */ = {isa = PBXBuildFile; fileRef = 09A3BD0A1AABDA0000F17419 /* CoreMIDI.framework */; };
		09A3BD0D1AABDA5500F17419 /* libc++.dylib in Frameworks */ = {isa = PBXBuildFile; fileRef = 09A3BD0C1AABDA5500F17419 /* libc++.dylib */; };
		C1D8ADF613639BDC004F693A /* audioeffect.cpp in Sources */ = {isa = PBXBuildFile; fileRef = C1D8ADCD13639BDC004F693A /* audioeffect.cpp */; };
		C1D8ADF713639BDC004F693A /* audioeffectx.cpp in Sources */ = {isa = PBXBuildFile; fileRef = C1D8ADCF13639BDC004F693A /* audioeffectx.cpp */; };
		C1D8ADF813639BDC004F693A /* vstplugmain.cpp in Sources */ = {isa = PBXBuildFile; fileRef = C1D8ADD113639BDC004F693A /* vstplugmain.cpp */; };
		C1D8AE1113639DC2004F693A /* Carbon.framework in Frameworks */ = {isa = PBXBuildFile; fileRef = C1D8AE1013639DC2004F693A /* Carbon.framework */; };
		C1D8AE1313639DC2004F693A /* QuickTime.framework in Frameworks */ = {isa = PBXBuildFile; fileRef = C1D8AE1213639DC2004F693A /* QuickTime.framework */; };
		C1D8AE1613639EDE004F693A /* ChucKVST.cpp in Sources */ = {isa = PBXBuildFile; fileRef = C1D8AE1413639EDE004F693A /* ChucKVST.cpp */; };
/* End PBXBuildFile section */

/* Begin PBXContainerItemProxy section */
		09A3BCF91AABD38100F17419 /* PBXContainerItemProxy */ = {
			isa = PBXContainerItemProxy;
			containerPortal = 09A3BCF41AABD38100F17419 /* libchuck.xcodeproj */;
			proxyType = 2;
			remoteGlobalIDString = 09DDF97E1A9C6BB200F72155;
			remoteInfo = libchuck;
		};
		09A3BCFB1AABD38100F17419 /* PBXContainerItemProxy */ = {
			isa = PBXContainerItemProxy;
			containerPortal = 09A3BCF41AABD38100F17419 /* libchuck.xcodeproj */;
			proxyType = 2;
			remoteGlobalIDString = 0946F8561AA85B080045E1C4;
			remoteInfo = "libchuck-iOS";
		};
		09A3BCFD1AABD38900F17419 /* PBXContainerItemProxy */ = {
			isa = PBXContainerItemProxy;
			containerPortal = 09A3BCF41AABD38100F17419 /* libchuck.xcodeproj */;
			proxyType = 1;
			remoteGlobalIDString = 09DDF97D1A9C6BB200F72155;
			remoteInfo = libchuck;
		};
/* End PBXContainerItemProxy section */

/* Begin PBXFileReference section */
		09A3BCF41AABD38100F17419 /* libchuck.xcodeproj */ = {isa = PBXFileReference; lastKnownFileType = "wrapper.pb-project"; name = libchuck.xcodeproj; path = ../../libchuck.xcodeproj; sourceTree = "<group>"; };
		09A3BD001AABD9DF00F17419 /* libstdc++.dylib */ = {isa = PBXFileReference; lastKnownFileType = "compiled.mach-o.dylib"; name = "libstdc++.dylib"; path = "usr/lib/libstdc++.dylib"; sourceTree = SDKROOT; };
		09A3BD021AABD9E900F17419 /* AudioToolbox.framework */ = {isa = PBXFileReference; lastKnownFileType = wrapper.framework; name = AudioToolbox.framework; path = System/Library/Frameworks/AudioToolbox.framework; sourceTree = SDKROOT; };
		09A3BD031AABD9E900F17419 /* AudioUnit.framework */ = {isa = PBXFileReference; lastKnownFileType = wrapper.framework; name = AudioUnit.framework; path = System/Library/Frameworks/AudioUnit.framework; sourceTree = SDKROOT; };
		09A3BD041AABD9E900F17419 /* CoreAudio.framework */ = {isa = PBXFileReference; lastKnownFileType = wrapper.framework; name = CoreAudio.framework; path = System/Library/Frameworks/CoreAudio.framework; sourceTree = SDKROOT; };
		09A3BD081AABD9F800F17419 /* IOKit.framework */ = {isa = PBXFileReference; lastKnownFileType = wrapper.framework; name = IOKit.framework; path = System/Library/Frameworks/IOKit.framework; sourceTree = SDKROOT; };
		09A3BD0A1AABDA0000F17419 /* CoreMIDI.framework */ = {isa = PBXFileReference; lastKnownFileType = wrapper.framework; name = CoreMIDI.framework; path = System/Library/Frameworks/CoreMIDI.framework; sourceTree = SDKROOT; };
		09A3BD0C1AABDA5500F17419 /* libc++.dylib */ = {isa = PBXFileReference; lastKnownFileType = "compiled.mach-o.dylib"; name = "libc++.dylib"; path = "usr/lib/libc++.dylib"; sourceTree = SDKROOT; };
		C1D8AD4F1363998E004F693A /* ChucKVST.vst */ = {isa = PBXFileReference; explicitFileType = wrapper.cfbundle; includeInIndex = 0; path = ChucKVST.vst; sourceTree = BUILT_PRODUCTS_DIR; };
		C1D8AD511363998E004F693A /* chuck-vst-Info.plist */ = {isa = PBXFileReference; lastKnownFileType = text.plist.xml; path = "chuck-vst-Info.plist"; sourceTree = "<group>"; };
		C1D8AD8513639BDC004F693A /* aeffect.h */ = {isa = PBXFileReference; fileEncoding = 4; lastKnownFileType = sourcecode.c.h; path = aeffect.h; sourceTree = "<group>"; };
		C1D8AD8613639BDC004F693A /* aeffectx.h */ = {isa = PBXFileReference; fileEncoding = 4; lastKnownFileType = sourcecode.c.h; path = aeffectx.h; sourceTree = "<group>"; };
		C1D8AD8713639BDC004F693A /* vstfxstore.h */ = {isa = PBXFileReference; fileEncoding = 4; lastKnownFileType = sourcecode.c.h; path = vstfxstore.h; sourceTree = "<group>"; };
		C1D8ADCC13639BDC004F693A /* aeffeditor.h */ = {isa = PBXFileReference; fileEncoding = 4; lastKnownFileType = sourcecode.c.h; path = aeffeditor.h; sourceTree = "<group>"; };
		C1D8ADCD13639BDC004F693A /* audioeffect.cpp */ = {isa = PBXFileReference; fileEncoding = 4; lastKnownFileType = sourcecode.cpp.cpp; path = audioeffect.cpp; sourceTree = "<group>"; };
		C1D8ADCE13639BDC004F693A /* audioeffect.h */ = {isa = PBXFileReference; fileEncoding = 4; lastKnownFileType = sourcecode.c.h; path = audioeffect.h; sourceTree = "<group>"; };
		C1D8ADCF13639BDC004F693A /* audioeffectx.cpp */ = {isa = PBXFileReference; fileEncoding = 4; lastKnownFileType = sourcecode.cpp.cpp; path = audioeffectx.cpp; sourceTree = "<group>"; };
		C1D8ADD013639BDC004F693A /* audioeffectx.h */ = {isa = PBXFileReference; fileEncoding = 4; lastKnownFileType = sourcecode.c.h; path = audioeffectx.h; sourceTree = "<group>"; };
		C1D8ADD113639BDC004F693A /* vstplugmain.cpp */ = {isa = PBXFileReference; fileEncoding = 4; lastKnownFileType = sourcecode.cpp.cpp; path = vstplugmain.cpp; sourceTree = "<group>"; };
		C1D8AE0C13639C3F004F693A /* chuck-vst-Prefix.pch */ = {isa = PBXFileReference; fileEncoding = 4; lastKnownFileType = sourcecode.c.h; path = "chuck-vst-Prefix.pch"; sourceTree = "<group>"; };
		C1D8AE1013639DC2004F693A /* Carbon.framework */ = {isa = PBXFileReference; lastKnownFileType = wrapper.framework; name = Carbon.framework; path = System/Library/Frameworks/Carbon.framework; sourceTree = SDKROOT; };
		C1D8AE1213639DC2004F693A /* QuickTime.framework */ = {isa = PBXFileReference; lastKnownFileType = wrapper.framework; name = QuickTime.framework; path = System/Library/Frameworks/QuickTime.framework; sourceTree = SDKROOT; };
		C1D8AE1413639EDE004F693A /* ChucKVST.cpp */ = {isa = PBXFileReference; fileEncoding = 4; lastKnownFileType = sourcecode.cpp.cpp; path = ChucKVST.cpp; sourceTree = "<group>"; };
		C1D8AE1513639EDE004F693A /* ChucKVST.h */ = {isa = PBXFileReference; fileEncoding = 4; lastKnownFileType = sourcecode.c.h; path = ChucKVST.h; sourceTree = "<group>"; };
/* End PBXFileReference section */

/* Begin PBXFrameworksBuildPhase section */
		C1D8AD4D1363998E004F693A /* Frameworks */ = {
			isa = PBXFrameworksBuildPhase;
			buildActionMask = 2147483647;
			files = (
				09A3BD0D1AABDA5500F17419 /* libc++.dylib in Frameworks */,
				09A3BD0B1AABDA0000F17419 /* CoreMIDI.framework in Frameworks */,
				09A3BD091AABD9F800F17419 /* IOKit.framework in Frameworks */,
				09A3BD051AABD9E900F17419 /* AudioToolbox.framework in Frameworks */,
				09A3BD061AABD9E900F17419 /* AudioUnit.framework in Frameworks */,
				09A3BD071AABD9E900F17419 /* CoreAudio.framework in Frameworks */,
				09A3BCFF1AABD39000F17419 /* libchuck.a in Frameworks */,
				C1D8AE1113639DC2004F693A /* Carbon.framework in Frameworks */,
				C1D8AE1313639DC2004F693A /* QuickTime.framework in Frameworks */,
			);
			runOnlyForDeploymentPostprocessing = 0;
		};
/* End PBXFrameworksBuildPhase section */

/* Begin PBXGroup section */
		09A3BCF51AABD38100F17419 /* Products */ = {
			isa = PBXGroup;
			children = (
				09A3BCFA1AABD38100F17419 /* libchuck.a */,
				09A3BCFC1AABD38100F17419 /* libchuck-iOS.a */,
			);
			name = Products;
			sourceTree = "<group>";
		};
		C1D8AD4013639978004F693A = {
			isa = PBXGroup;
			children = (
				C1D8AE0F13639DAF004F693A /* source */,
				C1D8AE0E13639DA9004F693A /* Frameworks */,
				C1D8AD5713639AB6004F693A /* vst_sdk */,
				C1D8AD501363998E004F693A /* Products */,
				C1D8AD511363998E004F693A /* chuck-vst-Info.plist */,
				C1D8AE0C13639C3F004F693A /* chuck-vst-Prefix.pch */,
				09A3BCF41AABD38100F17419 /* libchuck.xcodeproj */,
			);
			sourceTree = "<group>";
		};
		C1D8AD501363998E004F693A /* Products */ = {
			isa = PBXGroup;
			children = (
				C1D8AD4F1363998E004F693A /* ChucKVST.vst */,
			);
			name = Products;
			sourceTree = "<group>";
		};
		C1D8AD5713639AB6004F693A /* vst_sdk */ = {
			isa = PBXGroup;
			children = (
				C1D8AD8313639BDC004F693A /* pluginterfaces */,
				C1D8AD8813639BDC004F693A /* public.sdk */,
			);
			path = vst_sdk;
			sourceTree = "<group>";
		};
		C1D8AD8313639BDC004F693A /* pluginterfaces */ = {
			isa = PBXGroup;
			children = (
				C1D8AD8413639BDC004F693A /* vst2.x */,
			);
			path = pluginterfaces;
			sourceTree = "<group>";
		};
		C1D8AD8413639BDC004F693A /* vst2.x */ = {
			isa = PBXGroup;
			children = (
				C1D8AD8513639BDC004F693A /* aeffect.h */,
				C1D8AD8613639BDC004F693A /* aeffectx.h */,
				C1D8AD8713639BDC004F693A /* vstfxstore.h */,
			);
			path = vst2.x;
			sourceTree = "<group>";
		};
		C1D8AD8813639BDC004F693A /* public.sdk */ = {
			isa = PBXGroup;
			children = (
				C1D8ADCA13639BDC004F693A /* source */,
			);
			path = public.sdk;
			sourceTree = "<group>";
		};
		C1D8ADCA13639BDC004F693A /* source */ = {
			isa = PBXGroup;
			children = (
				C1D8ADCB13639BDC004F693A /* vst2.x */,
			);
			path = source;
			sourceTree = "<group>";
		};
		C1D8ADCB13639BDC004F693A /* vst2.x */ = {
			isa = PBXGroup;
			children = (
				C1D8ADCC13639BDC004F693A /* aeffeditor.h */,
				C1D8ADCD13639BDC004F693A /* audioeffect.cpp */,
				C1D8ADCE13639BDC004F693A /* audioeffect.h */,
				C1D8ADCF13639BDC004F693A /* audioeffectx.cpp */,
				C1D8ADD013639BDC004F693A /* audioeffectx.h */,
				C1D8ADD113639BDC004F693A /* vstplugmain.cpp */,
			);
			path = vst2.x;
			sourceTree = "<group>";
		};
		C1D8AE0E13639DA9004F693A /* Frameworks */ = {
			isa = PBXGroup;
			children = (
				09A3BD0C1AABDA5500F17419 /* libc++.dylib */,
				09A3BD0A1AABDA0000F17419 /* CoreMIDI.framework */,
				09A3BD081AABD9F800F17419 /* IOKit.framework */,
				09A3BD021AABD9E900F17419 /* AudioToolbox.framework */,
				09A3BD031AABD9E900F17419 /* AudioUnit.framework */,
				09A3BD041AABD9E900F17419 /* CoreAudio.framework */,
				09A3BD001AABD9DF00F17419 /* libstdc++.dylib */,
				C1D8AE1013639DC2004F693A /* Carbon.framework */,
				C1D8AE1213639DC2004F693A /* QuickTime.framework */,
			);
			name = Frameworks;
			sourceTree = "<group>";
		};
		C1D8AE0F13639DAF004F693A /* source */ = {
			isa = PBXGroup;
			children = (
				C1D8AE1413639EDE004F693A /* ChucKVST.cpp */,
				C1D8AE1513639EDE004F693A /* ChucKVST.h */,
			);
			path = source;
			sourceTree = "<group>";
		};
/* End PBXGroup section */

/* Begin PBXNativeTarget section */
		C1D8AD4E1363998E004F693A /* chuck-vst */ = {
			isa = PBXNativeTarget;
			buildConfigurationList = C1D8AD541363998E004F693A /* Build configuration list for PBXNativeTarget "chuck-vst" */;
			buildPhases = (
				C1D8AD4B1363998E004F693A /* Resources */,
				C1D8AD4C1363998E004F693A /* Sources */,
				C1D8AD4D1363998E004F693A /* Frameworks */,
				C1D8AE3B1363A11D004F693A /* ShellScript */,
			);
			buildRules = (
			);
			dependencies = (
				09A3BCFE1AABD38900F17419 /* PBXTargetDependency */,
			);
			name = "chuck-vst";
			productName = "___PROJECTNAMEA___";
			productReference = C1D8AD4F1363998E004F693A /* ChucKVST.vst */;
			productType = "com.apple.product-type.bundle";
		};
/* End PBXNativeTarget section */

/* Begin PBXProject section */
		C1D8AD4213639978004F693A /* Project object */ = {
			isa = PBXProject;
			attributes = {
			};
			buildConfigurationList = C1D8AD4513639978004F693A /* Build configuration list for PBXProject "chuck-vst" */;
			compatibilityVersion = "Xcode 2.4";
			developmentRegion = English;
			hasScannedForEncodings = 0;
			knownRegions = (
				English,
				Japanese,
				French,
				German,
			);
			mainGroup = C1D8AD4013639978004F693A;
			productRefGroup = C1D8AD501363998E004F693A /* Products */;
			projectDirPath = "";
			projectReferences = (
				{
					ProductGroup = 09A3BCF51AABD38100F17419 /* Products */;
					ProjectRef = 09A3BCF41AABD38100F17419 /* libchuck.xcodeproj */;
				},
			);
			projectRoot = "";
			targets = (
				C1D8AD4E1363998E004F693A /* chuck-vst */,
			);
		};
/* End PBXProject section */

/* Begin PBXReferenceProxy section */
		09A3BCFA1AABD38100F17419 /* libchuck.a */ = {
			isa = PBXReferenceProxy;
			fileType = archive.ar;
			path = libchuck.a;
			remoteRef = 09A3BCF91AABD38100F17419 /* PBXContainerItemProxy */;
			sourceTree = BUILT_PRODUCTS_DIR;
		};
		09A3BCFC1AABD38100F17419 /* libchuck-iOS.a */ = {
			isa = PBXReferenceProxy;
			fileType = archive.ar;
			path = "libchuck-iOS.a";
			remoteRef = 09A3BCFB1AABD38100F17419 /* PBXContainerItemProxy */;
			sourceTree = BUILT_PRODUCTS_DIR;
		};
/* End PBXReferenceProxy section */

/* Begin PBXResourcesBuildPhase section */
		C1D8AD4B1363998E004F693A /* Resources */ = {
			isa = PBXResourcesBuildPhase;
			buildActionMask = 2147483647;
			files = (
			);
			runOnlyForDeploymentPostprocessing = 0;
		};
/* End PBXResourcesBuildPhase section */

/* Begin PBXShellScriptBuildPhase section */
		C1D8AE3B1363A11D004F693A /* ShellScript */ = {
			isa = PBXShellScriptBuildPhase;
			buildActionMask = 2147483647;
			files = (
			);
			inputPaths = (
			);
			outputPaths = (
			);
			runOnlyForDeploymentPostprocessing = 0;
			shellPath = /bin/bash;
			shellScript = "rm -rf $HOME/Library/Audio/Plug-Ins/VST/$PRODUCT_NAME.vst\ncp -r \"$BUILT_PRODUCTS_DIR/$PRODUCT_NAME.vst\" \"$HOME/Library/Audio/Plug-Ins/VST/$PRODUCT_NAME.vst\"\n";
		};
/* End PBXShellScriptBuildPhase section */

/* Begin PBXSourcesBuildPhase section */
		C1D8AD4C1363998E004F693A /* Sources */ = {
			isa = PBXSourcesBuildPhase;
			buildActionMask = 2147483647;
			files = (
				C1D8ADF613639BDC004F693A /* audioeffect.cpp in Sources */,
				C1D8ADF713639BDC004F693A /* audioeffectx.cpp in Sources */,
				C1D8ADF813639BDC004F693A /* vstplugmain.cpp in Sources */,
				C1D8AE1613639EDE004F693A /* ChucKVST.cpp in Sources */,
			);
			runOnlyForDeploymentPostprocessing = 0;
		};
/* End PBXSourcesBuildPhase section */

/* Begin PBXTargetDependency section */
		09A3BCFE1AABD38900F17419 /* PBXTargetDependency */ = {
			isa = PBXTargetDependency;
			name = libchuck;
			targetProxy = 09A3BCFD1AABD38900F17419 /* PBXContainerItemProxy */;
		};
/* End PBXTargetDependency section */

/* Begin XCBuildConfiguration section */
		C1D8AD4313639978004F693A /* Debug */ = {
			isa = XCBuildConfiguration;
			buildSettings = {
				ARCHS = "$(ARCHS_STANDARD_32_64_BIT)";
				GCC_OPTIMIZATION_LEVEL = 0;
				SDKROOT = macosx;
			};
			name = Debug;
		};
		C1D8AD4413639978004F693A /* Release */ = {
			isa = XCBuildConfiguration;
			buildSettings = {
				ARCHS = "$(ARCHS_STANDARD_32_64_BIT)";
				GCC_OPTIMIZATION_LEVEL = 3;
				SDKROOT = macosx;
			};
			name = Release;
		};
		C1D8AD521363998E004F693A /* Debug */ = {
			isa = XCBuildConfiguration;
			buildSettings = {
				ALWAYS_SEARCH_USER_PATHS = NO;
				COPY_PHASE_STRIP = NO;
				DEBUG_INFORMATION_FORMAT = "dwarf-with-dsym";
				GCC_DYNAMIC_NO_PIC = NO;
				GCC_ENABLE_FIX_AND_CONTINUE = YES;
				GCC_PRECOMPILE_PREFIX_HEADER = YES;
				GCC_PREFIX_HEADER = "chuck-vst-Prefix.pch";
				GENERATE_PKGINFO_FILE = YES;
				HEADER_SEARCH_PATHS = (
					vst_sdk,
					../../,
				);
				INFOPLIST_FILE = "chuck-vst-Info.plist";
				INFOPLIST_PREPROCESS = YES;
				INSTALL_PATH = "$(HOME)/Library/Audio/Plug-Ins/VST";
				MACOSX_DEPLOYMENT_TARGET = 10.6;
				OTHER_LDFLAGS = (
					"-framework",
					Foundation,
					"-framework",
					AppKit,
					"-F/System/Library/PrivateFrameworks",
					"-weak_framework",
					MultitouchSupport,
				);
				PRODUCT_NAME = ChucKVST;
				WRAPPER_EXTENSION = vst;
			};
			name = Debug;
		};
		C1D8AD531363998E004F693A /* Release */ = {
			isa = XCBuildConfiguration;
			buildSettings = {
				ALWAYS_SEARCH_USER_PATHS = NO;
				COPY_PHASE_STRIP = YES;
				DEBUG_INFORMATION_FORMAT = "dwarf-with-dsym";
				GCC_ENABLE_FIX_AND_CONTINUE = NO;
				GCC_PRECOMPILE_PREFIX_HEADER = YES;
				GCC_PREFIX_HEADER = "chuck-vst-Prefix.pch";
				GENERATE_PKGINFO_FILE = YES;
				HEADER_SEARCH_PATHS = (
					vst_sdk,
					../../,
				);
				INFOPLIST_FILE = "chuck-vst-Info.plist";
				INFOPLIST_PREPROCESS = YES;
				INSTALL_PATH = "$(HOME)/Library/Audio/Plug-Ins/VST";
				MACOSX_DEPLOYMENT_TARGET = 10.6;
				OTHER_LDFLAGS = (
					"-framework",
					Foundation,
					"-framework",
					AppKit,
					"-F/System/Library/PrivateFrameworks",
					"-weak_framework",
					MultitouchSupport,
				);
				PRODUCT_NAME = ChucKVST;
				WRAPPER_EXTENSION = vst;
			};
			name = Release;
		};
/* End XCBuildConfiguration section */

/* Begin XCConfigurationList section */
		C1D8AD4513639978004F693A /* Build configuration list for PBXProject "chuck-vst" */ = {
			isa = XCConfigurationList;
			buildConfigurations = (
				C1D8AD4313639978004F693A /* Debug */,
				C1D8AD4413639978004F693A /* Release */,
			);
			defaultConfigurationIsVisible = 0;
			defaultConfigurationName = Release;
		};
		C1D8AD541363998E004F693A /* Build configuration list for PBXNativeTarget "chuck-vst" */ = {
			isa = XCConfigurationList;
			buildConfigurations = (
				C1D8AD521363998E004F693A /* Debug */,
				C1D8AD531363998E004F693A /* Release */,
			);
			defaultConfigurationIsVisible = 0;
			defaultConfigurationName = Release;
		};
/* End XCConfigurationList section */
	};
	rootObject = C1D8AD4213639978004F693A /* Project object */;
}
